
Microsoft Visual Studio Solution File, Format Version 11.00
# Visual Studio 2010
Project("{8BC9CEB8-8B4A-11D0-8D11-00A0C91BC942}") = "floodfill4", "floodfill4\floodfill4.vcxproj", "{BBD2C4DA-494A-49C4-B897-D36996C6E8B0}"
EndProject
Global
	GlobalSection(SolutionConfigurationPlatforms) = preSolution
		Debug|Win32 = Debug|Win32
		Release|Win32 = Release|Win32
	EndGlobalSection
	GlobalSection(ProjectConfigurationPlatforms) = postSolution
		{BBD2C4DA-494A-49C4-B897-D36996C6E8B0}.Debug|Win32.ActiveCfg = Debug|Win32
		{BBD2C4DA-494A-49C4-B897-D36996C6E8B0}.Debug|Win32.Build.0 = Debug|Win32
		{BBD2C4DA-494A-49C4-B897-D36996C6E8B0}.Release|Win32.ActiveCfg = Release|Win32
		{BBD2C4DA-494A-49C4-B897-D36996C6E8B0}.Release|Win32.Build.0 = Release|Win32
	EndGlobalSection
	GlobalSection(SolutionProperties) = preSolution
		HideSolutionNode = FALSE
	EndGlobalSection
EndGlobal
